<?xml version="1.0" encoding="utf-8"?>
<Project ToolsVersion="4.0" xmlns="http://schemas.microsoft.com/developer/msbuild/2003">
  <ItemGroup>
    <Filter Include="Source Files">
      <UniqueIdentifier>{4FC737F1-C7A5-4376-A066-2A32D752A2FF}</UniqueIdentifier>
      <Extensions>cpp;c;cc;cxx;c++;cppm;ixx;def;odl;idl;hpj;bat;asm;asmx</Extensions>
    </Filter>
    <Filter Include="Header Files">
      <UniqueIdentifier>{93995380-89BD-4b04-88EB-625FBE52EBFB}</UniqueIdentifier>
      <Extensions>h;hh;hpp;hxx;h++;hm;inl;inc;ipp;xsd</Extensions>
    </Filter>
    <Filter Include="Resource Files">
      <UniqueIdentifier>{67DA6AB6-F800-4c08-8B7A-83BB121AAD01}</UniqueIdentifier>
      <Extensions>rc;ico;cur;bmp;dlg;rc2;rct;bin;rgs;gif;jpg;jpeg;jpe;resx;tiff;tif;png;wav;mfcribbon-ms</Extensions>
    </Filter>
  </ItemGroup>
  <ItemGroup>
    <ClCompile Include="DllMain.cpp">
      <Filter>Source Files</Filter>
    </ClCompile>
    <ClCompile Include="Entry\Entry.cpp">
      <Filter>Source Files</Filter>
    </ClCompile>
    <ClCompile Include="Util\Pattern\Pattern.cpp">
      <Filter>Source Files</Filter>
    </ClCompile>
    <ClCompile Include="Util\Math\Math.cpp">
      <Filter>Source Files</Filter>
    </ClCompile>
    <ClCompile Include="Util\Interface\Interface.cpp">
      <Filter>Source Files</Filter>
    </ClCompile>
    <ClCompile Include="Util\VFunc\VFunc.cpp">
      <Filter>Source Files</Filter>
    </ClCompile>
    <ClCompile Include="Util\Hook\MinHook\hde\hde32.c">
      <Filter>Source Files</Filter>
    </ClCompile>
    <ClCompile Include="Util\Hook\MinHook\hde\hde64.c">
      <Filter>Source Files</Filter>
    </ClCompile>
    <ClCompile Include="Util\Hook\MinHook\buffer.c">
      <Filter>Source Files</Filter>
    </ClCompile>
    <ClCompile Include="Util\Hook\MinHook\hook.c">
      <Filter>Source Files</Filter>
    </ClCompile>
    <ClCompile Include="Util\Hook\MinHook\trampoline.c">
      <Filter>Source Files</Filter>
    </ClCompile>
    <ClCompile Include="SDK\DrawManager\DrawManager.cpp">
      <Filter>Source Files</Filter>
    </ClCompile>
    <ClCompile Include="SDK\Includes\checksum_crc.cpp">
      <Filter>Source Files</Filter>
    </ClCompile>
    <ClCompile Include="Hooks\IEngineVGui_Paint.cpp">
      <Filter>Source Files</Filter>
    </ClCompile>
    <ClCompile Include="SDK\Entities\NetVarManager\NetVarManager.cpp">
      <Filter>Source Files</Filter>
    </ClCompile>
    <ClCompile Include="Hooks\IBaseClientDLL_FrameStageNotify.cpp">
      <Filter>Source Files</Filter>
    </ClCompile>
    <ClCompile Include="Hooks\IBaseClientDLL_LevelInitPostEntity.cpp">
      <Filter>Source Files</Filter>
    </ClCompile>
    <ClCompile Include="Hooks\IBaseClientDLL_LevelShutdown.cpp">
      <Filter>Source Files</Filter>
    </ClCompile>
    <ClCompile Include="Hooks\CBasePlayer_CalcPlayerView.cpp">
      <Filter>Source Files</Filter>
    </ClCompile>
    <ClCompile Include="Hooks\ClientModeShared_CreateMove.cpp">
      <Filter>Source Files</Filter>
    </ClCompile>
    <ClCompile Include="Features\Misc\Misc.cpp">
      <Filter>Source Files</Filter>
    </ClCompile>
    <ClCompile Include="SDK\Includes\checksum_md5.cpp">
      <Filter>Source Files</Filter>
    </ClCompile>
    <ClCompile Include="Features\EnginePrediction\EnginePrediction.cpp">
      <Filter>Source Files</Filter>
    </ClCompile>
    <ClCompile Include="Hooks\CPrediction_RunCommand.cpp">
      <Filter>Source Files</Filter>
    </ClCompile>
    <ClCompile Include="Features\ESP\ESP.cpp">
      <Filter>Source Files</Filter>
    </ClCompile>
    <ClCompile Include="Features\NoSpread\NoSpread.cpp">
      <Filter>Source Files</Filter>
    </ClCompile>
    <ClCompile Include="SDK\EntityCacher\EntityCacher.cpp">
      <Filter>Source Files</Filter>
    </ClCompile>
    <ClCompile Include="SDK\Interfaces\ICvar.cpp">
      <Filter>Source Files</Filter>
    </ClCompile>
    <ClCompile Include="Features\Menu\LateRenderer\LateRenderer.cpp">
      <Filter>Source Files</Filter>
    </ClCompile>
    <ClCompile Include="Features\Menu\Menu.cpp">
      <Filter>Source Files</Filter>
    </ClCompile>
    <ClCompile Include="SDK\Input\Input.cpp">
      <Filter>Source Files</Filter>
    </ClCompile>
    <ClCompile Include="Hooks\WINAPI_WndProc.cpp">
      <Filter>Source Files</Filter>
    </ClCompile>
    <ClCompile Include="SDK\Interfaces\IInputSystem.h">
      <Filter>Source Files</Filter>
    </ClCompile>
    <ClCompile Include="Features\Notification\Notification.cpp">
      <Filter>Source Files</Filter>
    </ClCompile>
    <ClCompile Include="Features\PlayerArrows\PlayerArrows.cpp">
      <Filter>Source Files</Filter>
    </ClCompile>
    <ClCompile Include="Hooks\ClientModeShared_OverrideView.cpp">
      <Filter>Source Files</Filter>
    </ClCompile>
    <ClCompile Include="Features\Visuals\Visuals.cpp">
      <Filter>Source Files</Filter>
    </ClCompile>
    <ClCompile Include="Hooks\ClientModeShared_GetViewmodelFOV.cpp">
      <Filter>Source Files</Filter>
    </ClCompile>
    <ClCompile Include="SDK\Interfaces\IHudChat.h">
      <Filter>Source Files</Filter>
    </ClCompile>
    <ClCompile Include="Features\SpectatorList\SpectatorList.cpp">
      <Filter>Source Files</Filter>
    </ClCompile>
    <ClCompile Include="Features\Players\Players.cpp">
      <Filter>Source Files</Filter>
    </ClCompile>
    <ClCompile Include="Util\Hook\HooksUtil.cpp">
      <Filter>Source Files</Filter>
    </ClCompile>
    <ClCompile Include="Features\Backtrack\Backtrack.cpp">
      <Filter>Source Files</Filter>
    </ClCompile>
    <ClCompile Include="Hooks\CClientState_GetClientInterpAmount.cpp">
      <Filter>Source Files</Filter>
    </ClCompile>
    <ClCompile Include="Util\Signatures\Signatures.cpp">
      <Filter>Source Files</Filter>
    </ClCompile>
    <ClCompile Include="Hooks\CL_Move.cpp">
      <Filter>Source Files</Filter>
    </ClCompile>
    <ClCompile Include="Hooks\DoEnginePostProcessing.cpp">
      <Filter>Source Files</Filter>
    </ClCompile>
    <ClCompile Include="Hooks\CViewRender_LevelInit.cpp">
      <Filter>Source Files</Filter>
    </ClCompile>
    <ClCompile Include="Hooks\S_StartDynamicSound.cpp">
      <Filter>Source Files</Filter>
    </ClCompile>
    <ClCompile Include="Hooks\C_BaseAnimating_FrameAdvance.cpp">
      <Filter>Source Files</Filter>
    </ClCompile>
    <ClCompile Include="Hooks\C_BaseAnimating_Interpolate.cpp">
      <Filter>Source Files</Filter>
    </ClCompile>
    <ClCompile Include="Hooks\C_BaseEntity_Interpolate.cpp">
      <Filter>Source Files</Filter>
    </ClCompile>
    <ClCompile Include="Hooks\CSequenceTransitioner_CheckForSequenceChange.cpp">
      <Filter>Source Files</Filter>
    </ClCompile>
    <ClCompile Include="Hooks\ModelRender_DrawModelExecute.cpp">
      <Filter>Source Files</Filter>
    </ClCompile>
    <ClCompile Include="SDK\Entities\KeyValues.cpp">
      <Filter>Source Files</Filter>
    </ClCompile>
    <ClCompile Include="Features\Materials\Materials.cpp">
      <Filter>Source Files</Filter>
    </ClCompile>
    <ClCompile Include="Features\Outlines\Outlines.cpp">
      <Filter>Source Files</Filter>
    </ClCompile>
    <ClCompile Include="Hooks\CParticleSystemMgr_DrawRenderCache.cpp">
      <Filter>Source Files</Filter>
    </ClCompile>
    <ClCompile Include="Hooks\Panel_OnScreenSizeChanged.cpp">
      <Filter>Source Files</Filter>
    </ClCompile>
    <ClCompile Include="Hooks\ModelRender_ForcedMaterialOverride.cpp">
      <Filter>Source Files</Filter>
    </ClCompile>
    <ClCompile Include="Hooks\GetClientInterpAmount.cpp">
      <Filter>Source Files</Filter>
    </ClCompile>
    <ClCompile Include="Hooks\CViewRender_DrawViewModels.cpp">
      <Filter>Source Files</Filter>
    </ClCompile>
    <ClCompile Include="Hooks\C_BaseEntity_BaseInterpolatePart1.cpp">
      <Filter>Source Files</Filter>
    </ClCompile>
    <ClCompile Include="Hooks\C_BaseEntity_InterpolateServerEntities.cpp">
      <Filter>Source Files</Filter>
    </ClCompile>
    <ClCompile Include="Hooks\C_BaseEntity_AddVar.cpp">
      <Filter>Source Files</Filter>
    </ClCompile>
    <ClCompile Include="Hooks\C_BaseEntity_EstimateAbsVelocity.cpp">
      <Filter>Source Files</Filter>
    </ClCompile>
    <ClCompile Include="Hooks\CClientState_GetTime.cpp">
      <Filter>Source Files</Filter>
    </ClCompile>
    <ClCompile Include="Hooks\CNetChan_SendDatagram.cpp">
      <Filter>Source Files</Filter>
    </ClCompile>
    <ClCompile Include="Hooks\ClientModeShared_DoPostScreenSpaceEffects.cpp">
      <Filter>Source Files</Filter>
    </ClCompile>
    <ClCompile Include="Hooks\CStudioRender_DrawModelStaticProp.cpp">
      <Filter>Source Files</Filter>
    </ClCompile>
    <ClCompile Include="Features\WorldModulation\WorldModulation.cpp">
      <Filter>Source Files</Filter>
    </ClCompile>
    <ClCompile Include="Hooks\CRendering3dView_EnableWorldFog.cpp">
      <Filter>Source Files</Filter>
    </ClCompile>
    <ClCompile Include="Features\NetworkFix\NetworkFix.cpp">
      <Filter>Source Files</Filter>
    </ClCompile>
    <ClCompile Include="Hooks\CL_CheckForPureServerWhitelist.cpp">
      <Filter>Source Files</Filter>
    </ClCompile>
    <ClCompile Include="Hooks\CUserMessages_DispatchUserMessage.cpp">
      <Filter>Source Files</Filter>
    </ClCompile>
    <ClCompile Include="Hooks\DSP_Process.cpp">
      <Filter>Source Files</Filter>
    </ClCompile>
    <ClCompile Include="Hooks\CClientState_ProcessFixAngle.cpp">
      <Filter>Source Files</Filter>
    </ClCompile>
    <ClCompile Include="Hooks\C_BaseEntity_ResetLatched.cpp">
      <Filter>Source Files</Filter>
    </ClCompile>
    <ClCompile Include="Hooks\CNetChan_SendNetMsg.cpp">
      <Filter>Source Files</Filter>
    </ClCompile>
    <ClCompile Include="Hooks\CSkyboxView_Enable3dSkyboxFog.cpp">
      <Filter>Source Files</Filter>
    </ClCompile>
    <ClCompile Include="Hooks\C_CSRagdoll_CreateCSRagdoll.cpp">
      <Filter>Source Files</Filter>
    </ClCompile>
    <ClCompile Include="Hooks\CBaseClientState_ProcessStringCmd.cpp">
      <Filter>Source Files</Filter>
    </ClCompile>
    <ClCompile Include="Util\ConVars\ConVars.cpp">
      <Filter>Source Files</Filter>
    </ClCompile>
    <ClCompile Include="Hooks\C_BasePlayer_CalcViewModelView.cpp">
      <Filter>Source Files</Filter>
    </ClCompile>
    <ClCompile Include="Hooks\CHudCrosshair_GetDrawPosition.cpp">
      <Filter>Source Files</Filter>
    </ClCompile>
    <ClCompile Include="Hooks\EngineClient_ClientCmd_Unrestricted.cpp">
      <Filter>Source Files</Filter>
    </ClCompile>
    <ClCompile Include="Features\Commands\Commands.cpp">
      <Filter>Source Files</Filter>
    </ClCompile>
    <ClCompile Include="Hooks\CBaseClient_Connect.cpp">
      <Filter>Source Files</Filter>
    </ClCompile>
    <ClCompile Include="Hooks\CBaseClient_Disconnect.cpp">
      <Filter>Source Files</Filter>
    </ClCompile>
    <ClCompile Include="Hooks\CMaterial_Uncache.cpp">
      <Filter>Source Files</Filter>
    </ClCompile>
    <ClCompile Include="Hooks\CViewRender_LevelShutdown.cpp">
      <Filter>Source Files</Filter>
    </ClCompile>
    <ClCompile Include="Hooks\C_WeaponCSBase_DrawCrosshair.cpp">
      <Filter>Source Files</Filter>
    </ClCompile>
    <ClCompile Include="Features\SequenceFreeze\SequenceFreeze.cpp">
      <Filter>Source Files</Filter>
    </ClCompile>
    <ClCompile Include="Hooks\CInput_GetUserCmd.cpp">
      <Filter>Source Files</Filter>
    </ClCompile>
    <ClCompile Include="Hooks\CInput_WriteUsercmdDeltaToBuffer.cpp">
      <Filter>Source Files</Filter>
    </ClCompile>
    <ClCompile Include="Hooks\CL_SendMove.cpp">
      <Filter>Source Files</Filter>
    </ClCompile>
    <ClCompile Include="SDK\Includes\bitbuf.cpp">
      <Filter>Source Files</Filter>
    </ClCompile>
    <ClCompile Include="SDK\Entities\C_PlantedC4.h">
      <Filter>Source Files</Filter>
    </ClCompile>
    <ClCompile Include="Hooks\C_BaseAnimating_SetupBones.cpp">
      <Filter>Source Files</Filter>
    </ClCompile>
    <ClCompile Include="SDK\Entities\C_CSPlayer.cpp">
      <Filter>Source Files</Filter>
    </ClCompile>
  </ItemGroup>
  <ItemGroup>
    <ClInclude Include="Entry\Entry.h">
      <Filter>Header Files</Filter>
    </ClInclude>
    <ClInclude Include="Util\Util.h">
      <Filter>Header Files</Filter>
    </ClInclude>
    <ClInclude Include="Util\Hash\Hash.h">
      <Filter>Header Files</Filter>
    </ClInclude>
    <ClInclude Include="Util\Pattern\Pattern.h">
      <Filter>Header Files</Filter>
    </ClInclude>
    <ClInclude Include="Util\Math\Math.h">
      <Filter>Header Files</Filter>
    </ClInclude>
    <ClInclude Include="Util\Math\Vector\Vector2D.h">
      <Filter>Header Files</Filter>
    </ClInclude>
    <ClInclude Include="Util\Math\Vector\Vector.h">
      <Filter>Header Files</Filter>
    </ClInclude>
    <ClInclude Include="Util\Interface\Interface.h">
      <Filter>Header Files</Filter>
    </ClInclude>
    <ClInclude Include="Util\VFunc\VFunc.h">
      <Filter>Header Files</Filter>
    </ClInclude>
    <ClInclude Include="Util\Hook\MinHook\hde\hde32.h">
      <Filter>Header Files</Filter>
    </ClInclude>
    <ClInclude Include="Util\Hook\MinHook\hde\hde64.h">
      <Filter>Header Files</Filter>
    </ClInclude>
    <ClInclude Include="Util\Hook\MinHook\hde\pstdint.h">
      <Filter>Header Files</Filter>
    </ClInclude>
    <ClInclude Include="Util\Hook\MinHook\hde\table32.h">
      <Filter>Header Files</Filter>
    </ClInclude>
    <ClInclude Include="Util\Hook\MinHook\hde\table64.h">
      <Filter>Header Files</Filter>
    </ClInclude>
    <ClInclude Include="Util\Hook\MinHook\buffer.h">
      <Filter>Header Files</Filter>
    </ClInclude>
    <ClInclude Include="Util\Hook\MinHook\MinHook.h">
      <Filter>Header Files</Filter>
    </ClInclude>
    <ClInclude Include="Util\Hook\MinHook\trampoline.h">
      <Filter>Header Files</Filter>
    </ClInclude>
    <ClInclude Include="SDK\Includes\iappsystem.h">
      <Filter>Header Files</Filter>
    </ClInclude>
    <ClInclude Include="SDK\Interfaces\ICvar.h">
      <Filter>Header Files</Filter>
    </ClInclude>
    <ClInclude Include="SDK\Includes\iconvar.h">
      <Filter>Header Files</Filter>
    </ClInclude>
    <ClInclude Include="SDK\SDK.h">
      <Filter>Header Files</Filter>
    </ClInclude>
    <ClInclude Include="SDK\Includes\color.h">
      <Filter>Header Files</Filter>
    </ClInclude>
    <ClInclude Include="SDK\Includes\isurface.h">
      <Filter>Header Files</Filter>
    </ClInclude>
    <ClInclude Include="SDK\Includes\ivguimatinfo.h">
      <Filter>Header Files</Filter>
    </ClInclude>
    <ClInclude Include="SDK\Includes\ivguimatinfovar.h">
      <Filter>Header Files</Filter>
    </ClInclude>
    <ClInclude Include="SDK\Includes\imageformat.h">
      <Filter>Header Files</Filter>
    </ClInclude>
    <ClInclude Include="SDK\Interfaces\IMatSystemSurface.h">
      <Filter>Header Files</Filter>
    </ClInclude>
    <ClInclude Include="SDK\DrawManager\DrawManager.h">
      <Filter>Header Files</Filter>
    </ClInclude>
    <ClInclude Include="SDK\Includes\view_shared.h">
      <Filter>Header Files</Filter>
    </ClInclude>
    <ClInclude Include="SDK\Interfaces\IBaseClientDLL.h">
      <Filter>Header Files</Filter>
    </ClInclude>
    <ClInclude Include="SDK\Interfaces\GlobalVars_Base.h">
      <Filter>Header Files</Filter>
    </ClInclude>
    <ClInclude Include="SDK\Includes\utlvector.h">
      <Filter>Header Files</Filter>
    </ClInclude>
    <ClInclude Include="SDK\Includes\client_class.h">
      <Filter>Header Files</Filter>
    </ClInclude>
    <ClInclude Include="SDK\Includes\dt_common.h">
      <Filter>Header Files</Filter>
    </ClInclude>
    <ClInclude Include="SDK\Includes\dt_recv.h">
      <Filter>Header Files</Filter>
    </ClInclude>
    <ClInclude Include="SDK\Includes\bitbuf.h">
      <Filter>Header Files</Filter>
    </ClInclude>
    <ClInclude Include="SDK\Includes\xboxstubs.h">
      <Filter>Header Files</Filter>
    </ClInclude>
    <ClInclude Include="SDK\Includes\checksum_crc.h">
      <Filter>Header Files</Filter>
    </ClInclude>
    <ClInclude Include="SDK\Includes\const.h">
      <Filter>Header Files</Filter>
    </ClInclude>
    <ClInclude Include="SDK\Interfaces\IVRenderView.h">
      <Filter>Header Files</Filter>
    </ClInclude>
    <ClInclude Include="SDK\Interfaces\IEngineVGui.h">
      <Filter>Header Files</Filter>
    </ClInclude>
    <ClInclude Include="SDK\Entities\NetVarManager\NetVarManager.h">
      <Filter>Header Files</Filter>
    </ClInclude>
    <ClInclude Include="SDK\Entities\IClientEntity.h">
      <Filter>Header Files</Filter>
    </ClInclude>
    <ClInclude Include="SDK\Entities\IClientNetworkable.h">
      <Filter>Header Files</Filter>
    </ClInclude>
    <ClInclude Include="SDK\Entities\IClientUnknown.h">
      <Filter>Header Files</Filter>
    </ClInclude>
    <ClInclude Include="SDK\Includes\ihandleentity.h">
      <Filter>Header Files</Filter>
    </ClInclude>
    <ClInclude Include="SDK\Includes\basehandle.h">
      <Filter>Header Files</Filter>
    </ClInclude>
    <ClInclude Include="SDK\Entities\IClientThinkable.h">
      <Filter>Header Files</Filter>
    </ClInclude>
    <ClInclude Include="SDK\Entities\IClientRenderable.h">
      <Filter>Header Files</Filter>
    </ClInclude>
    <ClInclude Include="SDK\Entities\C_BaseEntity.h">
      <Filter>Header Files</Filter>
    </ClInclude>
    <ClInclude Include="SDK\Includes\studio.h">
      <Filter>Header Files</Filter>
    </ClInclude>
    <ClInclude Include="SDK\Interfaces\IEngineTrace.h">
      <Filter>Header Files</Filter>
    </ClInclude>
    <ClInclude Include="SDK\Interfaces\IClientEntityList.h">
      <Filter>Header Files</Filter>
    </ClInclude>
    <ClInclude Include="SDK\Interfaces\IVEngineClient.h">
      <Filter>Header Files</Filter>
    </ClInclude>
    <ClInclude Include="SDK\Includes\inetchannelinfo.h">
      <Filter>Header Files</Filter>
    </ClInclude>
    <ClInclude Include="SDK\Includes\inetchannel.h">
      <Filter>Header Files</Filter>
    </ClInclude>
    <ClInclude Include="SDK\Entities\C_BaseAnimating.h">
      <Filter>Header Files</Filter>
    </ClInclude>
    <ClInclude Include="SDK\Interfaces\IVModelRender.h">
      <Filter>Header Files</Filter>
    </ClInclude>
    <ClInclude Include="SDK\Interfaces\IStudioRender.h">
      <Filter>Header Files</Filter>
    </ClInclude>
    <ClInclude Include="SDK\Entities\C_BaseFlex.h">
      <Filter>Header Files</Filter>
    </ClInclude>
    <ClInclude Include="SDK\Entities\C_BaseCombatCharacter.h">
      <Filter>Header Files</Filter>
    </ClInclude>
    <ClInclude Include="SDK\Entities\C_BasePlayer.h">
      <Filter>Header Files</Filter>
    </ClInclude>
    <ClInclude Include="SDK\Includes\igameevents.h">
      <Filter>Header Files</Filter>
    </ClInclude>
    <ClInclude Include="SDK\Includes\gameeventlistener.h">
      <Filter>Header Files</Filter>
    </ClInclude>
    <ClInclude Include="SDK\Entities\C_CSPlayer.h">
      <Filter>Header Files</Filter>
    </ClInclude>
    <ClInclude Include="Features\CFG.h">
      <Filter>Header Files</Filter>
    </ClInclude>
    <ClInclude Include="SDK\Includes\usercmd.h">
      <Filter>Header Files</Filter>
    </ClInclude>
    <ClInclude Include="Features\Misc\Misc.h">
      <Filter>Header Files</Filter>
    </ClInclude>
    <ClInclude Include="SDK\Includes\in_buttons.h">
      <Filter>Header Files</Filter>
    </ClInclude>
    <ClInclude Include="SDK\Includes\checksum_md5.h">
      <Filter>Header Files</Filter>
    </ClInclude>
    <ClInclude Include="SDK\Entities\C_BaseCombatWeapon.h">
      <Filter>Header Files</Filter>
    </ClInclude>
    <ClInclude Include="SDK\Entities\C_WeaponCSBase.h">
      <Filter>Header Files</Filter>
    </ClInclude>
    <ClInclude Include="Features\EnginePrediction\EnginePrediction.h">
      <Filter>Header Files</Filter>
    </ClInclude>
    <ClInclude Include="SDK\Interfaces\IPrediction.h">
      <Filter>Header Files</Filter>
    </ClInclude>
    <ClInclude Include="SDK\Interfaces\IMoveHelper.h">
      <Filter>Header Files</Filter>
    </ClInclude>
    <ClInclude Include="SDK\Includes\ehandle.h">
      <Filter>Header Files</Filter>
    </ClInclude>
    <ClInclude Include="SDK\Interfaces\IGameMovement.h">
      <Filter>Header Files</Filter>
    </ClInclude>
    <ClInclude Include="Features\ESP\ESP.h">
      <Filter>Header Files</Filter>
    </ClInclude>
    <ClInclude Include="SDK\Includes\strtools.h">
      <Filter>Header Files</Filter>
    </ClInclude>
    <ClInclude Include="Features\NoSpread\NoSpread.h">
      <Filter>Header Files</Filter>
    </ClInclude>
    <ClInclude Include="SDK\EntityCacher\EntityCacher.h">
      <Filter>Header Files</Filter>
    </ClInclude>
    <ClInclude Include="Features\Menu\LateRenderer\LateRenderer.h">
      <Filter>Header Files</Filter>
    </ClInclude>
    <ClInclude Include="Features\Menu\Menu.h">
      <Filter>Header Files</Filter>
    </ClInclude>
    <ClInclude Include="Util\Config\Config.h">
      <Filter>Header Files</Filter>
    </ClInclude>
    <ClInclude Include="Util\Config\json.hpp">
      <Filter>Header Files</Filter>
    </ClInclude>
    <ClInclude Include="SDK\Input\Input.h">
      <Filter>Header Files</Filter>
    </ClInclude>
    <ClInclude Include="Util\Icons.h">
      <Filter>Header Files</Filter>
    </ClInclude>
    <ClInclude Include="Hooks\WINAPI_WndProc.h">
      <Filter>Header Files</Filter>
    </ClInclude>
    <ClInclude Include="Util\Color\Color.h">
      <Filter>Header Files</Filter>
    </ClInclude>
    <ClInclude Include="SDK\Interfaces\IClientState.h">
      <Filter>Header Files</Filter>
    </ClInclude>
    <ClInclude Include="Features\Notification\Notification.h">
      <Filter>Header Files</Filter>
    </ClInclude>
    <ClInclude Include="Features\PlayerArrows\PlayerArrows.h">
      <Filter>Header Files</Filter>
    </ClInclude>
    <ClInclude Include="Features\Visuals\Visuals.h">
      <Filter>Header Files</Filter>
    </ClInclude>
    <ClInclude Include="SDK\Interfaces\IInput.h">
      <Filter>Header Files</Filter>
    </ClInclude>
    <ClInclude Include="SDK\Interfaces\IClientModeShared.h">
      <Filter>Header Files</Filter>
    </ClInclude>
    <ClInclude Include="SDK\Interfaces\IMaterialSystem.h">
      <Filter>Header Files</Filter>
    </ClInclude>
    <ClInclude Include="Features\SpectatorList\SpectatorList.h">
      <Filter>Header Files</Filter>
    </ClInclude>
    <ClInclude Include="Features\Players\Players.h">
      <Filter>Header Files</Filter>
    </ClInclude>
    <ClInclude Include="Util\Hook\HooksUtil.h">
      <Filter>Header Files</Filter>
    </ClInclude>
    <ClInclude Include="Util\Assert\Assert.h">
      <Filter>Header Files</Filter>
    </ClInclude>
    <ClInclude Include="Features\Backtrack\Backtrack.h">
      <Filter>Header Files</Filter>
    </ClInclude>
    <ClInclude Include="SDK\Interfaces\IVModelInfo.h">
      <Filter>Header Files</Filter>
    </ClInclude>
    <ClInclude Include="Util\Signatures\Signatures.h">
      <Filter>Header Files</Filter>
    </ClInclude>
    <ClInclude Include="SDK\Globals\Globals.h">
      <Filter>Header Files</Filter>
    </ClInclude>
    <ClInclude Include="SDK\Entities\PlayerResource.h">
      <Filter>Header Files</Filter>
    </ClInclude>
    <ClInclude Include="SDK\Entities\KeyValues.h">
      <Filter>Header Files</Filter>
    </ClInclude>
    <ClInclude Include="Features\Materials\Materials.h">
      <Filter>Header Files</Filter>
    </ClInclude>
    <ClInclude Include="Features\Outlines\Outlines.h">
      <Filter>Header Files</Filter>
    </ClInclude>
    <ClInclude Include="SDK\Includes\Activity.h">
      <Filter>Header Files</Filter>
    </ClInclude>
    <ClInclude Include="Features\WorldModulation\WorldModulation.h">
      <Filter>Header Files</Filter>
    </ClInclude>
    <ClInclude Include="Features\NetworkFix\NetworkFix.h">
      <Filter>Header Files</Filter>
    </ClInclude>
    <ClInclude Include="Util\ConVars\ConVars.h">
      <Filter>Header Files</Filter>
    </ClInclude>
    <ClInclude Include="Features\Commands\Commands.h">
      <Filter>Header Files</Filter>
    </ClInclude>
    <ClInclude Include="Features\SequenceFreeze\SequenceFreeze.h">
      <Filter>Header Files</Filter>
    </ClInclude>
  </ItemGroup>
</Project>